
Microsoft Visual Studio Solution File, Format Version 12.00
# Visual Studio Version 17
VisualStudioVersion = 17.0.31903.59
MinimumVisualStudioVersion = 10.0.40219.1
Project("{2150E333-8FDC-42A3-9474-1A3956D46DE8}") = "src", "src", "{827E0CD3-B72D-47B6-A68D-7590B98EB39B}"
EndProject
Project("{FAE04EC0-301F-11D3-BF4B-00C04F79EFBC}") = "VjaLearnNet", "src\VjaLearnNet\VjaLearnNet.csproj", "{EC53DF50-64E2-49C3-8328-6462DE5442C0}"
EndProject
Project("{FAE04EC0-301F-11D3-BF4B-00C04F79EFBC}") = "VjaLearnNet.Tests", "tests\VjaLearnNet.Tests\VjaLearnNet.Tests.csproj", "{9C1AB36E-5ECD-4F50-9460-CDC0D06E6907}"
EndProject
Global
	GlobalSection(SolutionConfigurationPlatforms) = preSolution
		Debug|Any CPU = Debug|Any CPU
		Debug|x64 = Debug|x64
		Debug|x86 = Debug|x86
		Release|Any CPU = Release|Any CPU
		Release|x64 = Release|x64
		Release|x86 = Release|x86
	EndGlobalSection
	GlobalSection(ProjectConfigurationPlatforms) = postSolution
		{EC53DF50-64E2-49C3-8328-6462DE5442C0}.Debug|Any CPU.ActiveCfg = Debug|Any CPU
		{EC53DF50-64E2-49C3-8328-6462DE5442C0}.Debug|Any CPU.Build.0 = Debug|Any CPU
		{EC53DF50-64E2-49C3-8328-6462DE5442C0}.Debug|x64.ActiveCfg = Debug|Any CPU
		{EC53DF50-64E2-49C3-8328-6462DE5442C0}.Debug|x64.Build.0 = Debug|Any CPU
		{EC53DF50-64E2-49C3-8328-6462DE5442C0}.Debug|x86.ActiveCfg = Debug|Any CPU
		{EC53DF50-64E2-49C3-8328-6462DE5442C0}.Debug|x86.Build.0 = Debug|Any CPU
		{EC53DF50-64E2-49C3-8328-6462DE5442C0}.Release|Any CPU.ActiveCfg = Release|Any CPU
		{EC53DF50-64E2-49C3-8328-6462DE5442C0}.Release|Any CPU.Build.0 = Release|Any CPU
		{EC53DF50-64E2-49C3-8328-6462DE5442C0}.Release|x64.ActiveCfg = Release|Any CPU
		{EC53DF50-64E2-49C3-8328-6462DE5442C0}.Release|x64.Build.0 = Release|Any CPU
		{EC53DF50-64E2-49C3-8328-6462DE5442C0}.Release|x86.ActiveCfg = Release|Any CPU
		{EC53DF50-64E2-49C3-8328-6462DE5442C0}.Release|x86.Build.0 = Release|Any CPU
		{9C1AB36E-5ECD-4F50-9460-CDC0D06E6907}.Debug|Any CPU.ActiveCfg = Debug|Any CPU
		{9C1AB36E-5ECD-4F50-9460-CDC0D06E6907}.Debug|Any CPU.Build.0 = Debug|Any CPU
		{9C1AB36E-5ECD-4F50-9460-CDC0D06E6907}.Debug|x64.ActiveCfg = Debug|Any CPU
		{9C1AB36E-5ECD-4F50-9460-CDC0D06E6907}.Debug|x64.Build.0 = Debug|Any CPU
		{9C1AB36E-5ECD-4F50-9460-CDC0D06E6907}.Debug|x86.ActiveCfg = Debug|Any CPU
		{9C1AB36E-5ECD-4F50-9460-CDC0D06E6907}.Debug|x86.Build.0 = Debug|Any CPU
		{9C1AB36E-5ECD-4F50-9460-CDC0D06E6907}.Release|Any CPU.ActiveCfg = Release|Any CPU
		{9C1AB36E-5ECD-4F50-9460-CDC0D06E6907}.Release|Any CPU.Build.0 = Release|Any CPU
		{9C1AB36E-5ECD-4F50-9460-CDC0D06E6907}.Release|x64.ActiveCfg = Release|Any CPU
		{9C1AB36E-5ECD-4F50-9460-CDC0D06E6907}.Release|x64.Build.0 = Release|Any CPU
		{9C1AB36E-5ECD-4F50-9460-CDC0D06E6907}.Release|x86.ActiveCfg = Release|Any CPU
		{9C1AB36E-5ECD-4F50-9460-CDC0D06E6907}.Release|x86.Build.0 = Release|Any CPU
	EndGlobalSection
	GlobalSection(SolutionProperties) = preSolution
		HideSolutionNode = FALSE
	EndGlobalSection
	GlobalSection(NestedProjects) = preSolution
		{EC53DF50-64E2-49C3-8328-6462DE5442C0} = {827E0CD3-B72D-47B6-A68D-7590B98EB39B}
		{9C1AB36E-5ECD-4F50-9460-CDC0D06E6907} = {827E0CD3-B72D-47B6-A68D-7590B98EB39B}
	EndGlobalSection
EndGlobal
